
Microsoft Visual Studio Solution File, Format Version 12.00
# Visual Studio Version 16
VisualStudioVersion = 16.0.29728.190
MinimumVisualStudioVersion = 10.0.40219.1
Project("{888888A0-9F3D-457C-B088-3A5042F75D52}") = "Lab 4", "Lab 4.pyproj", "{B605150D-763E-4A85-93BD-E3AC1B8BC196}"
EndProject
Global
	GlobalSection(SolutionConfigurationPlatforms) = preSolution
		Debug|Any CPU = Debug|Any CPU
		Release|Any CPU = Release|Any CPU
	EndGlobalSection
	GlobalSection(ProjectConfigurationPlatforms) = postSolution
		{B605150D-763E-4A85-93BD-E3AC1B8BC196}.Debug|Any CPU.ActiveCfg = Debug|Any CPU
		{B605150D-763E-4A85-93BD-E3AC1B8BC196}.Release|Any CPU.ActiveCfg = Release|Any CPU
	EndGlobalSection
	GlobalSection(SolutionProperties) = preSolution
		HideSolutionNode = FALSE
	EndGlobalSection
	GlobalSection(ExtensibilityGlobals) = postSolution
		SolutionGuid = {7BE544F5-7201-49A0-86A4-4EAAB8E82E59}
	EndGlobalSection
EndGlobal
